
Microsoft Visual Studio Solution File, Format Version 12.00
# Visual Studio 15
VisualStudioVersion = 15.0.26124.0
MinimumVisualStudioVersion = 15.0.26124.0
Project("{2150E333-8FDC-42A3-9474-1A3956D46DE8}") = "src", "src", "{E5C5EF4B-04E2-47A9-BEAB-77A8C7769078}"
EndProject
Project("{FAE04EC0-301F-11D3-BF4B-00C04F79EFBC}") = "EsmeraldaPlus.Core", "src\EsmeraldaPlus.Core\EsmeraldaPlus.Core.csproj", "{3BBDB116-2BAE-4F6A-94D6-8EF943EA435D}"
EndProject
Project("{FAE04EC0-301F-11D3-BF4B-00C04F79EFBC}") = "EsmeraldaPlus.Infrastructure", "src\EsmeraldaPlus.Infrastructure\EsmeraldaPlus.Infrastructure.csproj", "{01F65EF9-13AF-45CF-A1A8-F251190127D7}"
EndProject
Project("{FAE04EC0-301F-11D3-BF4B-00C04F79EFBC}") = "EsmeraldaPlus.Web", "src\EsmeraldaPlus.Web\EsmeraldaPlus.Web.csproj", "{BAC4C64D-153C-484A-ADD3-E743A245F0FB}"
EndProject
Global
	GlobalSection(SolutionConfigurationPlatforms) = preSolution
		Debug|Any CPU = Debug|Any CPU
		Debug|x64 = Debug|x64
		Debug|x86 = Debug|x86
		Release|Any CPU = Release|Any CPU
		Release|x64 = Release|x64
		Release|x86 = Release|x86
	EndGlobalSection
	GlobalSection(SolutionProperties) = preSolution
		HideSolutionNode = FALSE
	EndGlobalSection
	GlobalSection(ProjectConfigurationPlatforms) = postSolution
		{3BBDB116-2BAE-4F6A-94D6-8EF943EA435D}.Debug|Any CPU.ActiveCfg = Debug|Any CPU
		{3BBDB116-2BAE-4F6A-94D6-8EF943EA435D}.Debug|Any CPU.Build.0 = Debug|Any CPU
		{3BBDB116-2BAE-4F6A-94D6-8EF943EA435D}.Debug|x64.ActiveCfg = Debug|Any CPU
		{3BBDB116-2BAE-4F6A-94D6-8EF943EA435D}.Debug|x64.Build.0 = Debug|Any CPU
		{3BBDB116-2BAE-4F6A-94D6-8EF943EA435D}.Debug|x86.ActiveCfg = Debug|Any CPU
		{3BBDB116-2BAE-4F6A-94D6-8EF943EA435D}.Debug|x86.Build.0 = Debug|Any CPU
		{3BBDB116-2BAE-4F6A-94D6-8EF943EA435D}.Release|Any CPU.ActiveCfg = Release|Any CPU
		{3BBDB116-2BAE-4F6A-94D6-8EF943EA435D}.Release|Any CPU.Build.0 = Release|Any CPU
		{3BBDB116-2BAE-4F6A-94D6-8EF943EA435D}.Release|x64.ActiveCfg = Release|Any CPU
		{3BBDB116-2BAE-4F6A-94D6-8EF943EA435D}.Release|x64.Build.0 = Release|Any CPU
		{3BBDB116-2BAE-4F6A-94D6-8EF943EA435D}.Release|x86.ActiveCfg = Release|Any CPU
		{3BBDB116-2BAE-4F6A-94D6-8EF943EA435D}.Release|x86.Build.0 = Release|Any CPU
		{01F65EF9-13AF-45CF-A1A8-F251190127D7}.Debug|Any CPU.ActiveCfg = Debug|Any CPU
		{01F65EF9-13AF-45CF-A1A8-F251190127D7}.Debug|Any CPU.Build.0 = Debug|Any CPU
		{01F65EF9-13AF-45CF-A1A8-F251190127D7}.Debug|x64.ActiveCfg = Debug|Any CPU
		{01F65EF9-13AF-45CF-A1A8-F251190127D7}.Debug|x64.Build.0 = Debug|Any CPU
		{01F65EF9-13AF-45CF-A1A8-F251190127D7}.Debug|x86.ActiveCfg = Debug|Any CPU
		{01F65EF9-13AF-45CF-A1A8-F251190127D7}.Debug|x86.Build.0 = Debug|Any CPU
		{01F65EF9-13AF-45CF-A1A8-F251190127D7}.Release|Any CPU.ActiveCfg = Release|Any CPU
		{01F65EF9-13AF-45CF-A1A8-F251190127D7}.Release|Any CPU.Build.0 = Release|Any CPU
		{01F65EF9-13AF-45CF-A1A8-F251190127D7}.Release|x64.ActiveCfg = Release|Any CPU
		{01F65EF9-13AF-45CF-A1A8-F251190127D7}.Release|x64.Build.0 = Release|Any CPU
		{01F65EF9-13AF-45CF-A1A8-F251190127D7}.Release|x86.ActiveCfg = Release|Any CPU
		{01F65EF9-13AF-45CF-A1A8-F251190127D7}.Release|x86.Build.0 = Release|Any CPU
		{BAC4C64D-153C-484A-ADD3-E743A245F0FB}.Debug|Any CPU.ActiveCfg = Debug|Any CPU
		{BAC4C64D-153C-484A-ADD3-E743A245F0FB}.Debug|Any CPU.Build.0 = Debug|Any CPU
		{BAC4C64D-153C-484A-ADD3-E743A245F0FB}.Debug|x64.ActiveCfg = Debug|Any CPU
		{BAC4C64D-153C-484A-ADD3-E743A245F0FB}.Debug|x64.Build.0 = Debug|Any CPU
		{BAC4C64D-153C-484A-ADD3-E743A245F0FB}.Debug|x86.ActiveCfg = Debug|Any CPU
		{BAC4C64D-153C-484A-ADD3-E743A245F0FB}.Debug|x86.Build.0 = Debug|Any CPU
		{BAC4C64D-153C-484A-ADD3-E743A245F0FB}.Release|Any CPU.ActiveCfg = Release|Any CPU
		{BAC4C64D-153C-484A-ADD3-E743A245F0FB}.Release|Any CPU.Build.0 = Release|Any CPU
		{BAC4C64D-153C-484A-ADD3-E743A245F0FB}.Release|x64.ActiveCfg = Release|Any CPU
		{BAC4C64D-153C-484A-ADD3-E743A245F0FB}.Release|x64.Build.0 = Release|Any CPU
		{BAC4C64D-153C-484A-ADD3-E743A245F0FB}.Release|x86.ActiveCfg = Release|Any CPU
		{BAC4C64D-153C-484A-ADD3-E743A245F0FB}.Release|x86.Build.0 = Release|Any CPU
	EndGlobalSection
	GlobalSection(NestedProjects) = preSolution
		{3BBDB116-2BAE-4F6A-94D6-8EF943EA435D} = {E5C5EF4B-04E2-47A9-BEAB-77A8C7769078}
		{01F65EF9-13AF-45CF-A1A8-F251190127D7} = {E5C5EF4B-04E2-47A9-BEAB-77A8C7769078}
		{BAC4C64D-153C-484A-ADD3-E743A245F0FB} = {E5C5EF4B-04E2-47A9-BEAB-77A8C7769078}
	EndGlobalSection
EndGlobal
